
Microsoft Visual Studio Solution File, Format Version 12.00
Project("{FAE04EC0-301F-11D3-BF4B-00C04F79EFBC}") = "Scooter", "Scooter\Scooter.csproj", "{15692F7E-C2B4-4210-A450-25B438B8B763}"
EndProject
Project("{FAE04EC0-301F-11D3-BF4B-00C04F79EFBC}") = "Scooter.Test", "Scooter.Test\Scooter.Test.csproj", "{BE97F8B0-2271-4519-93ED-ED388D8B5297}"
EndProject
Global
	GlobalSection(SolutionConfigurationPlatforms) = preSolution
		Debug|Any CPU = Debug|Any CPU
		Release|Any CPU = Release|Any CPU
	EndGlobalSection
	GlobalSection(ProjectConfigurationPlatforms) = postSolution
		{15692F7E-C2B4-4210-A450-25B438B8B763}.Debug|Any CPU.ActiveCfg = Debug|Any CPU
		{15692F7E-C2B4-4210-A450-25B438B8B763}.Debug|Any CPU.Build.0 = Debug|Any CPU
		{15692F7E-C2B4-4210-A450-25B438B8B763}.Release|Any CPU.ActiveCfg = Release|Any CPU
		{15692F7E-C2B4-4210-A450-25B438B8B763}.Release|Any CPU.Build.0 = Release|Any CPU
		{BE97F8B0-2271-4519-93ED-ED388D8B5297}.Debug|Any CPU.ActiveCfg = Debug|Any CPU
		{BE97F8B0-2271-4519-93ED-ED388D8B5297}.Debug|Any CPU.Build.0 = Debug|Any CPU
		{BE97F8B0-2271-4519-93ED-ED388D8B5297}.Release|Any CPU.ActiveCfg = Release|Any CPU
		{BE97F8B0-2271-4519-93ED-ED388D8B5297}.Release|Any CPU.Build.0 = Release|Any CPU
	EndGlobalSection
EndGlobal
